{
  "name": "assets",
  "lockfileVersion": 2,
  "requires": true,
  "packages": {
    "": {
      "dependencies": {
        "@github/clipboard-copy-element": "^1.1.2"
      }
    },
    "node_modules/@github/clipboard-copy-element": {
      "version": "1.1.2",
      "resolved": "https://registry.npmjs.org/@github/clipboard-copy-element/-/clipboard-copy-element-1.1.2.tgz",
      "integrity": "sha512-L6CMrcA5we0udafvoSuRCE/Ci/3xrLWKYRGup2IlhxF771bQYsQ2EB1of182pI8ZWM4oxgwzu37+igMeoZjN/A=="
    }
  },
  "dependencies": {
    "@github/clipboard-copy-element": {
      "version": "1.1.2",
      "resolved": "https://registry.npmjs.org/@github/clipboard-copy-element/-/clipboard-copy-element-1.1.2.tgz",
      "integrity": "sha512-L6CMrcA5we0udafvoSuRCE/Ci/3xrLWKYRGup2IlhxF771bQYsQ2EB1of182pI8ZWM4oxgwzu37+igMeoZjN/A=="
    }
  }
}
